// !$*UTF8*$!
{
	archiveVersion = 1;
	classes = {
	};
	objectVersion = 48;
	objects = {

/* Begin PBXBuildFile section */
		4648941D9445193B354651A9 /* Pods_Project_BI.framework in Frameworks */ = {isa = PBXBuildFile; fileRef = 32B2A2F39E4000FF82B85723 /* Pods_Project_BI.framework */; };
		4711CD211FB3B73A00609BC1 /* iPad.storyboard in Resources */ = {isa = PBXBuildFile; fileRef = 4711CD201FB3B73A00609BC1 /* iPad.storyboard */; };
		47C2D33E1FB5067300AFE1BC /* GoogleService-Info.plist in Resources */ = {isa = PBXBuildFile; fileRef = 47C2D33D1FB5067300AFE1BC /* GoogleService-Info.plist */; };
		47C2D3401FB50BFF00AFE1BC /* registerViewController.swift in Sources */ = {isa = PBXBuildFile; fileRef = 47C2D33F1FB50BFF00AFE1BC /* registerViewController.swift */; };
		47E532061FB3AE84008D6507 /* AppDelegate.swift in Sources */ = {isa = PBXBuildFile; fileRef = 47E532051FB3AE84008D6507 /* AppDelegate.swift */; };
		47E532081FB3AE84008D6507 /* ViewController.swift in Sources */ = {isa = PBXBuildFile; fileRef = 47E532071FB3AE84008D6507 /* ViewController.swift */; };
		47E5320B1FB3AE85008D6507 /* Main.storyboard in Resources */ = {isa = PBXBuildFile; fileRef = 47E532091FB3AE85008D6507 /* Main.storyboard */; };
		47E5320D1FB3AE85008D6507 /* Assets.xcassets in Resources */ = {isa = PBXBuildFile; fileRef = 47E5320C1FB3AE85008D6507 /* Assets.xcassets */; };
		47E532101FB3AE85008D6507 /* LaunchScreen.storyboard in Resources */ = {isa = PBXBuildFile; fileRef = 47E5320E1FB3AE85008D6507 /* LaunchScreen.storyboard */; };
/* End PBXBuildFile section */

/* Begin PBXFileReference section */
		32B2A2F39E4000FF82B85723 /* Pods_Project_BI.framework */ = {isa = PBXFileReference; explicitFileType = wrapper.framework; includeInIndex = 0; path = Pods_Project_BI.framework; sourceTree = BUILT_PRODUCTS_DIR; };
		4711CD201FB3B73A00609BC1 /* iPad.storyboard */ = {isa = PBXFileReference; lastKnownFileType = file.storyboard; path = iPad.storyboard; sourceTree = "<group>"; };
		47C2D33D1FB5067300AFE1BC /* GoogleService-Info.plist */ = {isa = PBXFileReference; fileEncoding = 4; lastKnownFileType = text.plist.xml; path = "GoogleService-Info.plist"; sourceTree = "<group>"; };
		47C2D33F1FB50BFF00AFE1BC /* registerViewController.swift */ = {isa = PBXFileReference; lastKnownFileType = sourcecode.swift; path = registerViewController.swift; sourceTree = "<group>"; };
		47E532021FB3AE84008D6507 /* Project BI.app */ = {isa = PBXFileReference; explicitFileType = wrapper.application; includeInIndex = 0; path = "Project BI.app"; sourceTree = BUILT_PRODUCTS_DIR; };
		47E532051FB3AE84008D6507 /* AppDelegate.swift */ = {isa = PBXFileReference; lastKnownFileType = sourcecode.swift; path = AppDelegate.swift; sourceTree = "<group>"; };
		47E532071FB3AE84008D6507 /* ViewController.swift */ = {isa = PBXFileReference; lastKnownFileType = sourcecode.swift; path = ViewController.swift; sourceTree = "<group>"; };
		47E5320A1FB3AE85008D6507 /* Base */ = {isa = PBXFileReference; lastKnownFileType = file.storyboard; name = Base; path = Base.lproj/Main.storyboard; sourceTree = "<group>"; };
		47E5320C1FB3AE85008D6507 /* Assets.xcassets */ = {isa = PBXFileReference; lastKnownFileType = folder.assetcatalog; path = Assets.xcassets; sourceTree = "<group>"; };
		47E5320F1FB3AE85008D6507 /* Base */ = {isa = PBXFileReference; lastKnownFileType = file.storyboard; name = Base; path = Base.lproj/LaunchScreen.storyboard; sourceTree = "<group>"; };
		47E532111FB3AE85008D6507 /* Info.plist */ = {isa = PBXFileReference; lastKnownFileType = text.plist.xml; path = Info.plist; sourceTree = "<group>"; };
		6D304D8C20960368A142A3EF /* Pods-Project BI.debug.xcconfig */ = {isa = PBXFileReference; includeInIndex = 1; lastKnownFileType = text.xcconfig; name = "Pods-Project BI.debug.xcconfig"; path = "Pods/Target Support Files/Pods-Project BI/Pods-Project BI.debug.xcconfig"; sourceTree = "<group>"; };
		EE2B5B98B80AF83DC30EC015 /* Pods-Project BI.release.xcconfig */ = {isa = PBXFileReference; includeInIndex = 1; lastKnownFileType = text.xcconfig; name = "Pods-Project BI.release.xcconfig"; path = "Pods/Target Support Files/Pods-Project BI/Pods-Project BI.release.xcconfig"; sourceTree = "<group>"; };
/* End PBXFileReference section */

/* Begin PBXFrameworksBuildPhase section */
		47E531FF1FB3AE84008D6507 /* Frameworks */ = {
			isa = PBXFrameworksBuildPhase;
			buildActionMask = 2147483647;
			files = (
				4648941D9445193B354651A9 /* Pods_Project_BI.framework in Frameworks */,
			);
			runOnlyForDeploymentPostprocessing = 0;
		};
/* End PBXFrameworksBuildPhase section */

/* Begin PBXGroup section */
		47E531F91FB3AE84008D6507 = {
			isa = PBXGroup;
			children = (
				47E532041FB3AE84008D6507 /* Project BI */,
				47E532031FB3AE84008D6507 /* Products */,
				85B3C423E35CB504F6D9E33A /* Pods */,
				65E45869997E1BF72DF60094 /* Frameworks */,
			);
			sourceTree = "<group>";
		};
		47E532031FB3AE84008D6507 /* Products */ = {
			isa = PBXGroup;
			children = (
				47E532021FB3AE84008D6507 /* Project BI.app */,
			);
			name = Products;
			sourceTree = "<group>";
		};
		47E532041FB3AE84008D6507 /* Project BI */ = {
			isa = PBXGroup;
			children = (
				47E532051FB3AE84008D6507 /* AppDelegate.swift */,
				47C2D33F1FB50BFF00AFE1BC /* registerViewController.swift */,
				47E532071FB3AE84008D6507 /* ViewController.swift */,
				47E532091FB3AE85008D6507 /* Main.storyboard */,
				4711CD201FB3B73A00609BC1 /* iPad.storyboard */,
				47E5320C1FB3AE85008D6507 /* Assets.xcassets */,
				47E5320E1FB3AE85008D6507 /* LaunchScreen.storyboard */,
				47E532111FB3AE85008D6507 /* Info.plist */,
				47C2D33D1FB5067300AFE1BC /* GoogleService-Info.plist */,
			);
			path = "Project BI";
			sourceTree = "<group>";
		};
		65E45869997E1BF72DF60094 /* Frameworks */ = {
			isa = PBXGroup;
			children = (
				32B2A2F39E4000FF82B85723 /* Pods_Project_BI.framework */,
			);
			name = Frameworks;
			sourceTree = "<group>";
		};
		85B3C423E35CB504F6D9E33A /* Pods */ = {
			isa = PBXGroup;
			children = (
				6D304D8C20960368A142A3EF /* Pods-Project BI.debug.xcconfig */,
				EE2B5B98B80AF83DC30EC015 /* Pods-Project BI.release.xcconfig */,
			);
			name = Pods;
			sourceTree = "<group>";
		};
/* End PBXGroup section */

/* Begin PBXNativeTarget section */
		47E532011FB3AE84008D6507 /* Project BI */ = {
			isa = PBXNativeTarget;
			buildConfigurationList = 47E532141FB3AE85008D6507 /* Build configuration list for PBXNativeTarget "Project BI" */;
			buildPhases = (
				9798B64EE7B8510F0D6BB376 /* [CP] Check Pods Manifest.lock */,
				47E531FE1FB3AE84008D6507 /* Sources */,
				47E531FF1FB3AE84008D6507 /* Frameworks */,
				47E532001FB3AE84008D6507 /* Resources */,
				96EEEDE97510FE391A5EF59F /* [CP] Embed Pods Frameworks */,
				DCDE4D5CC971901F1C86C34B /* [CP] Copy Pods Resources */,
			);
			buildRules = (
			);
			dependencies = (
			);
			name = "Project BI";
			productName = "Project BI";
			productReference = 47E532021FB3AE84008D6507 /* Project BI.app */;
			productType = "com.apple.product-type.application";
		};
/* End PBXNativeTarget section */

/* Begin PBXProject section */
		47E531FA1FB3AE84008D6507 /* Project object */ = {
			isa = PBXProject;
			attributes = {
				LastSwiftUpdateCheck = 0920;
				LastUpgradeCheck = 0920;
				ORGANIZATIONNAME = ATIK_Tech;
				TargetAttributes = {
					47E532011FB3AE84008D6507 = {
						CreatedOnToolsVersion = 9.2;
						ProvisioningStyle = Automatic;
					};
				};
			};
			buildConfigurationList = 47E531FD1FB3AE84008D6507 /* Build configuration list for PBXProject "Project BI" */;
			compatibilityVersion = "Xcode 8.0";
			developmentRegion = en;
			hasScannedForEncodings = 0;
			knownRegions = (
				en,
				Base,
			);
			mainGroup = 47E531F91FB3AE84008D6507;
			productRefGroup = 47E532031FB3AE84008D6507 /* Products */;
			projectDirPath = "";
			projectRoot = "";
			targets = (
				47E532011FB3AE84008D6507 /* Project BI */,
			);
		};
/* End PBXProject section */

/* Begin PBXResourcesBuildPhase section */
		47E532001FB3AE84008D6507 /* Resources */ = {
			isa = PBXResourcesBuildPhase;
			buildActionMask = 2147483647;
			files = (
				4711CD211FB3B73A00609BC1 /* iPad.storyboard in Resources */,
				47E532101FB3AE85008D6507 /* LaunchScreen.storyboard in Resources */,
				47C2D33E1FB5067300AFE1BC /* GoogleService-Info.plist in Resources */,
				47E5320D1FB3AE85008D6507 /* Assets.xcassets in Resources */,
				47E5320B1FB3AE85008D6507 /* Main.storyboard in Resources */,
			);
			runOnlyForDeploymentPostprocessing = 0;
		};
/* End PBXResourcesBuildPhase section */

/* Begin PBXShellScriptBuildPhase section */
		96EEEDE97510FE391A5EF59F /* [CP] Embed Pods Frameworks */ = {
			isa = PBXShellScriptBuildPhase;
			buildActionMask = 2147483647;
			files = (
			);
			inputPaths = (
				"${SRCROOT}/Pods/Target Support Files/Pods-Project BI/Pods-Project BI-frameworks.sh",
				"${BUILT_PRODUCTS_DIR}/GTMSessionFetcher/GTMSessionFetcher.framework",
				"${BUILT_PRODUCTS_DIR}/GoogleToolboxForMac/GoogleToolboxForMac.framework",
				"${BUILT_PRODUCTS_DIR}/Protobuf/Protobuf.framework",
				"${BUILT_PRODUCTS_DIR}/leveldb-library/leveldb.framework",
				"${BUILT_PRODUCTS_DIR}/nanopb/nanopb.framework",
			);
			name = "[CP] Embed Pods Frameworks";
			outputPaths = (
				"${TARGET_BUILD_DIR}/${FRAMEWORKS_FOLDER_PATH}/GTMSessionFetcher.framework",
				"${TARGET_BUILD_DIR}/${FRAMEWORKS_FOLDER_PATH}/GoogleToolboxForMac.framework",
				"${TARGET_BUILD_DIR}/${FRAMEWORKS_FOLDER_PATH}/Protobuf.framework",
				"${TARGET_BUILD_DIR}/${FRAMEWORKS_FOLDER_PATH}/leveldb.framework",
				"${TARGET_BUILD_DIR}/${FRAMEWORKS_FOLDER_PATH}/nanopb.framework",
			);
			runOnlyForDeploymentPostprocessing = 0;
			shellPath = /bin/sh;
			shellScript = "\"${SRCROOT}/Pods/Target Support Files/Pods-Project BI/Pods-Project BI-frameworks.sh\"\n";
			showEnvVarsInLog = 0;
		};
		9798B64EE7B8510F0D6BB376 /* [CP] Check Pods Manifest.lock */ = {
			isa = PBXShellScriptBuildPhase;
			buildActionMask = 2147483647;
			files = (
			);
			inputPaths = (
				"${PODS_PODFILE_DIR_PATH}/Podfile.lock",
				"${PODS_ROOT}/Manifest.lock",
			);
			name = "[CP] Check Pods Manifest.lock";
			outputPaths = (
				"$(DERIVED_FILE_DIR)/Pods-Project BI-checkManifestLockResult.txt",
			);
			runOnlyForDeploymentPostprocessing = 0;
			shellPath = /bin/sh;
			shellScript = "diff \"${PODS_PODFILE_DIR_PATH}/Podfile.lock\" \"${PODS_ROOT}/Manifest.lock\" > /dev/null\nif [ $? != 0 ] ; then\n    # print error to STDERR\n    echo \"error: The sandbox is not in sync with the Podfile.lock. Run 'pod install' or update your CocoaPods installation.\" >&2\n    exit 1\nfi\n# This output is used by Xcode 'outputs' to avoid re-running this script phase.\necho \"SUCCESS\" > \"${SCRIPT_OUTPUT_FILE_0}\"\n";
			showEnvVarsInLog = 0;
		};
		DCDE4D5CC971901F1C86C34B /* [CP] Copy Pods Resources */ = {
			isa = PBXShellScriptBuildPhase;
			buildActionMask = 2147483647;
			files = (
			);
			inputPaths = (
			);
			name = "[CP] Copy Pods Resources";
			outputPaths = (
			);
			runOnlyForDeploymentPostprocessing = 0;
			shellPath = /bin/sh;
			shellScript = "\"${SRCROOT}/Pods/Target Support Files/Pods-Project BI/Pods-Project BI-resources.sh\"\n";
			showEnvVarsInLog = 0;
		};
/* End PBXShellScriptBuildPhase section */

/* Begin PBXSourcesBuildPhase section */
		47E531FE1FB3AE84008D6507 /* Sources */ = {
			isa = PBXSourcesBuildPhase;
			buildActionMask = 2147483647;
			files = (
				47C2D3401FB50BFF00AFE1BC /* registerViewController.swift in Sources */,
				47E532081FB3AE84008D6507 /* ViewController.swift in Sources */,
				47E532061FB3AE84008D6507 /* AppDelegate.swift in Sources */,
			);
			runOnlyForDeploymentPostprocessing = 0;
		};
/* End PBXSourcesBuildPhase section */

/* Begin PBXVariantGroup section */
		47E532091FB3AE85008D6507 /* Main.storyboard */ = {
			isa = PBXVariantGroup;
			children = (
				47E5320A1FB3AE85008D6507 /* Base */,
			);
			name = Main.storyboard;
			sourceTree = "<group>";
		};
		47E5320E1FB3AE85008D6507 /* LaunchScreen.storyboard */ = {
			isa = PBXVariantGroup;
			children = (
				47E5320F1FB3AE85008D6507 /* Base */,
			);
			name = LaunchScreen.storyboard;
			sourceTree = "<group>";
		};
/* End PBXVariantGroup section */

/* Begin XCBuildConfiguration section */
		47E532121FB3AE85008D6507 /* Debug */ = {
			isa = XCBuildConfiguration;
			buildSettings = {
				ALWAYS_SEARCH_USER_PATHS = NO;
				CLANG_ANALYZER_NONNULL = YES;
				CLANG_ANALYZER_NUMBER_OBJECT_CONVERSION = YES_AGGRESSIVE;
				CLANG_CXX_LANGUAGE_STANDARD = "gnu++14";
				CLANG_CXX_LIBRARY = "libc++";
				CLANG_ENABLE_MODULES = YES;
				CLANG_ENABLE_OBJC_ARC = YES;
				CLANG_WARN_BLOCK_CAPTURE_AUTORELEASING = YES;
				CLANG_WARN_BOOL_CONVERSION = YES;
				CLANG_WARN_COMMA = YES;
				CLANG_WARN_CONSTANT_CONVERSION = YES;
				CLANG_WARN_DIRECT_OBJC_ISA_USAGE = YES_ERROR;
				CLANG_WARN_DOCUMENTATION_COMMENTS = YES;
				CLANG_WARN_EMPTY_BODY = YES;
				CLANG_WARN_ENUM_CONVERSION = YES;
				CLANG_WARN_INFINITE_RECURSION = YES;
				CLANG_WARN_INT_CONVERSION = YES;
				CLANG_WARN_NON_LITERAL_NULL_CONVERSION = YES;
				CLANG_WARN_OBJC_LITERAL_CONVERSION = YES;
				CLANG_WARN_OBJC_ROOT_CLASS = YES_ERROR;
				CLANG_WARN_RANGE_LOOP_ANALYSIS = YES;
				CLANG_WARN_STRICT_PROTOTYPES = YES;
				CLANG_WARN_SUSPICIOUS_MOVE = YES;
				CLANG_WARN_UNGUARDED_AVAILABILITY = YES_AGGRESSIVE;
				CLANG_WARN_UNREACHABLE_CODE = YES;
				CLANG_WARN__DUPLICATE_METHOD_MATCH = YES;
				CODE_SIGN_IDENTITY = "iPhone Developer";
				COPY_PHASE_STRIP = NO;
				DEBUG_INFORMATION_FORMAT = dwarf;
				ENABLE_STRICT_OBJC_MSGSEND = YES;
				ENABLE_TESTABILITY = YES;
				GCC_C_LANGUAGE_STANDARD = gnu11;
				GCC_DYNAMIC_NO_PIC = NO;
				GCC_NO_COMMON_BLOCKS = YES;
				GCC_OPTIMIZATION_LEVEL = 0;
				GCC_PREPROCESSOR_DEFINITIONS = (
					"DEBUG=1",
					"$(inherited)",
				);
				GCC_WARN_64_TO_32_BIT_CONVERSION = YES;
				GCC_WARN_ABOUT_RETURN_TYPE = YES_ERROR;
				GCC_WARN_UNDECLARED_SELECTOR = YES;
				GCC_WARN_UNINITIALIZED_AUTOS = YES_AGGRESSIVE;
				GCC_WARN_UNUSED_FUNCTION = YES;
				GCC_WARN_UNUSED_VARIABLE = YES;
				IPHONEOS_DEPLOYMENT_TARGET = 11.2;
				MTL_ENABLE_DEBUG_INFO = YES;
				ONLY_ACTIVE_ARCH = YES;
				SDKROOT = iphoneos;
				SWIFT_ACTIVE_COMPILATION_CONDITIONS = DEBUG;
				SWIFT_OPTIMIZATION_LEVEL = "-Onone";
			};
			name = Debug;
		};
		47E532131FB3AE85008D6507 /* Release */ = {
			isa = XCBuildConfiguration;
			buildSettings = {
				ALWAYS_SEARCH_USER_PATHS = NO;
				CLANG_ANALYZER_NONNULL = YES;
				CLANG_ANALYZER_NUMBER_OBJECT_CONVERSION = YES_AGGRESSIVE;
				CLANG_CXX_LANGUAGE_STANDARD = "gnu++14";
				CLANG_CXX_LIBRARY = "libc++";
				CLANG_ENABLE_MODULES = YES;
				CLANG_ENABLE_OBJC_ARC = YES;
				CLANG_WARN_BLOCK_CAPTURE_AUTORELEASING = YES;
				CLANG_WARN_BOOL_CONVERSION = YES;
				CLANG_WARN_COMMA = YES;
				CLANG_WARN_CONSTANT_CONVERSION = YES;
				CLANG_WARN_DIRECT_OBJC_ISA_USAGE = YES_ERROR;
				CLANG_WARN_DOCUMENTATION_COMMENTS = YES;
				CLANG_WARN_EMPTY_BODY = YES;
				CLANG_WARN_ENUM_CONVERSION = YES;
				CLANG_WARN_INFINITE_RECURSION = YES;
				CLANG_WARN_INT_CONVERSION = YES;
				CLANG_WARN_NON_LITERAL_NULL_CONVERSION = YES;
				CLANG_WARN_OBJC_LITERAL_CONVERSION = YES;
				CLANG_WARN_OBJC_ROOT_CLASS = YES_ERROR;
				CLANG_WARN_RANGE_LOOP_ANALYSIS = YES;
				CLANG_WARN_STRICT_PROTOTYPES = YES;
				CLANG_WARN_SUSPICIOUS_MOVE = YES;
				CLANG_WARN_UNGUARDED_AVAILABILITY = YES_AGGRESSIVE;
				CLANG_WARN_UNREACHABLE_CODE = YES;
				CLANG_WARN__DUPLICATE_METHOD_MATCH = YES;
				CODE_SIGN_IDENTITY = "iPhone Developer";
				COPY_PHASE_STRIP = NO;
				DEBUG_INFORMATION_FORMAT = "dwarf-with-dsym";
				ENABLE_NS_ASSERTIONS = NO;
				ENABLE_STRICT_OBJC_MSGSEND = YES;
				GCC_C_LANGUAGE_STANDARD = gnu11;
				GCC_NO_COMMON_BLOCKS = YES;
				GCC_WARN_64_TO_32_BIT_CONVERSION = YES;
				GCC_WARN_ABOUT_RETURN_TYPE = YES_ERROR;
				GCC_WARN_UNDECLARED_SELECTOR = YES;
				GCC_WARN_UNINITIALIZED_AUTOS = YES_AGGRESSIVE;
				GCC_WARN_UNUSED_FUNCTION = YES;
				GCC_WARN_UNUSED_VARIABLE = YES;
				IPHONEOS_DEPLOYMENT_TARGET = 11.2;
				MTL_ENABLE_DEBUG_INFO = NO;
				SDKROOT = iphoneos;
				SWIFT_OPTIMIZATION_LEVEL = "-Owholemodule";
				VALIDATE_PRODUCT = YES;
			};
			name = Release;
		};
		47E532151FB3AE85008D6507 /* Debug */ = {
			isa = XCBuildConfiguration;
			baseConfigurationReference = 6D304D8C20960368A142A3EF /* Pods-Project BI.debug.xcconfig */;
			buildSettings = {
				ASSETCATALOG_COMPILER_APPICON_NAME = AppIcon;
				CODE_SIGN_STYLE = Automatic;
				DEVELOPMENT_TEAM = 6PYAH95ETT;
				INFOPLIST_FILE = "Project BI/Info.plist";
				IPHONEOS_DEPLOYMENT_TARGET = 10.0;
				LD_RUNPATH_SEARCH_PATHS = "$(inherited) @executable_path/Frameworks";
				PRODUCT_BUNDLE_IDENTIFIER = "com.ATIK-Tech.Project-BI";
				PRODUCT_NAME = "$(TARGET_NAME)";
				SWIFT_VERSION = 4.0;
				TARGETED_DEVICE_FAMILY = "1,2";
			};
			name = Debug;
		};
		47E532161FB3AE85008D6507 /* Release */ = {
			isa = XCBuildConfiguration;
			baseConfigurationReference = EE2B5B98B80AF83DC30EC015 /* Pods-Project BI.release.xcconfig */;
			buildSettings = {
				ASSETCATALOG_COMPILER_APPICON_NAME = AppIcon;
				CODE_SIGN_STYLE = Automatic;
				DEVELOPMENT_TEAM = 6PYAH95ETT;
				INFOPLIST_FILE = "Project BI/Info.plist";
				IPHONEOS_DEPLOYMENT_TARGET = 10.0;
				LD_RUNPATH_SEARCH_PATHS = "$(inherited) @executable_path/Frameworks";
				PRODUCT_BUNDLE_IDENTIFIER = "com.ATIK-Tech.Project-BI";
				PRODUCT_NAME = "$(TARGET_NAME)";
				SWIFT_VERSION = 4.0;
				TARGETED_DEVICE_FAMILY = "1,2";
			};
			name = Release;
		};
/* End XCBuildConfiguration section */

/* Begin XCConfigurationList section */
		47E531FD1FB3AE84008D6507 /* Build configuration list for PBXProject "Project BI" */ = {
			isa = XCConfigurationList;
			buildConfigurations = (
				47E532121FB3AE85008D6507 /* Debug */,
				47E532131FB3AE85008D6507 /* Release */,
			);
			defaultConfigurationIsVisible = 0;
			defaultConfigurationName = Release;
		};
		47E532141FB3AE85008D6507 /* Build configuration list for PBXNativeTarget "Project BI" */ = {
			isa = XCConfigurationList;
			buildConfigurations = (
				47E532151FB3AE85008D6507 /* Debug */,
				47E532161FB3AE85008D6507 /* Release */,
			);
			defaultConfigurationIsVisible = 0;
			defaultConfigurationName = Release;
		};
/* End XCConfigurationList section */
	};
	rootObject = 47E531FA1FB3AE84008D6507 /* Project object */;
}
