// !$*UTF8*$!
{
	archiveVersion = 1;
	classes = {
	};
	objectVersion = 48;
	objects = {

/* Begin PBXBuildFile section */
		62878B541FB37C16007990B8 /* AppDelegate.swift in Sources */ = {isa = PBXBuildFile; fileRef = 62878B531FB37C16007990B8 /* AppDelegate.swift */; };
		62878B561FB37C16007990B8 /* ViewController.swift in Sources */ = {isa = PBXBuildFile; fileRef = 62878B551FB37C16007990B8 /* ViewController.swift */; };
		62878B591FB37C16007990B8 /* Main.storyboard in Resources */ = {isa = PBXBuildFile; fileRef = 62878B571FB37C16007990B8 /* Main.storyboard */; };
		62878B5B1FB37C16007990B8 /* Assets.xcassets in Resources */ = {isa = PBXBuildFile; fileRef = 62878B5A1FB37C16007990B8 /* Assets.xcassets */; };
		62878B5E1FB37C16007990B8 /* LaunchScreen.storyboard in Resources */ = {isa = PBXBuildFile; fileRef = 62878B5C1FB37C16007990B8 /* LaunchScreen.storyboard */; };
		62878B691FB37C17007990B8 /* Bug_IdentifierTests.swift in Sources */ = {isa = PBXBuildFile; fileRef = 62878B681FB37C17007990B8 /* Bug_IdentifierTests.swift */; };
		62878B741FB37C17007990B8 /* Bug_IdentifierUITests.swift in Sources */ = {isa = PBXBuildFile; fileRef = 62878B731FB37C17007990B8 /* Bug_IdentifierUITests.swift */; };
/* End PBXBuildFile section */

/* Begin PBXContainerItemProxy section */
		62878B651FB37C17007990B8 /* PBXContainerItemProxy */ = {
			isa = PBXContainerItemProxy;
			containerPortal = 62878B481FB37C16007990B8 /* Project object */;
			proxyType = 1;
			remoteGlobalIDString = 62878B4F1FB37C16007990B8;
			remoteInfo = "Bug Identifier";
		};
		62878B701FB37C17007990B8 /* PBXContainerItemProxy */ = {
			isa = PBXContainerItemProxy;
			containerPortal = 62878B481FB37C16007990B8 /* Project object */;
			proxyType = 1;
			remoteGlobalIDString = 62878B4F1FB37C16007990B8;
			remoteInfo = "Bug Identifier";
		};
/* End PBXContainerItemProxy section */

/* Begin PBXFileReference section */
		62878B501FB37C16007990B8 /* Bug Identifier.app */ = {isa = PBXFileReference; explicitFileType = wrapper.application; includeInIndex = 0; path = "Bug Identifier.app"; sourceTree = BUILT_PRODUCTS_DIR; };
		62878B531FB37C16007990B8 /* AppDelegate.swift */ = {isa = PBXFileReference; lastKnownFileType = sourcecode.swift; path = AppDelegate.swift; sourceTree = "<group>"; };
		62878B551FB37C16007990B8 /* ViewController.swift */ = {isa = PBXFileReference; lastKnownFileType = sourcecode.swift; path = ViewController.swift; sourceTree = "<group>"; };
		62878B581FB37C16007990B8 /* Base */ = {isa = PBXFileReference; lastKnownFileType = file.storyboard; name = Base; path = Base.lproj/Main.storyboard; sourceTree = "<group>"; };
		62878B5A1FB37C16007990B8 /* Assets.xcassets */ = {isa = PBXFileReference; lastKnownFileType = folder.assetcatalog; path = Assets.xcassets; sourceTree = "<group>"; };
		62878B5D1FB37C16007990B8 /* Base */ = {isa = PBXFileReference; lastKnownFileType = file.storyboard; name = Base; path = Base.lproj/LaunchScreen.storyboard; sourceTree = "<group>"; };
		62878B5F1FB37C16007990B8 /* Info.plist */ = {isa = PBXFileReference; lastKnownFileType = text.plist.xml; path = Info.plist; sourceTree = "<group>"; };
		62878B641FB37C17007990B8 /* Bug IdentifierTests.xctest */ = {isa = PBXFileReference; explicitFileType = wrapper.cfbundle; includeInIndex = 0; path = "Bug IdentifierTests.xctest"; sourceTree = BUILT_PRODUCTS_DIR; };
		62878B681FB37C17007990B8 /* Bug_IdentifierTests.swift */ = {isa = PBXFileReference; lastKnownFileType = sourcecode.swift; path = Bug_IdentifierTests.swift; sourceTree = "<group>"; };
		62878B6A1FB37C17007990B8 /* Info.plist */ = {isa = PBXFileReference; lastKnownFileType = text.plist.xml; path = Info.plist; sourceTree = "<group>"; };
		62878B6F1FB37C17007990B8 /* Bug IdentifierUITests.xctest */ = {isa = PBXFileReference; explicitFileType = wrapper.cfbundle; includeInIndex = 0; path = "Bug IdentifierUITests.xctest"; sourceTree = BUILT_PRODUCTS_DIR; };
		62878B731FB37C17007990B8 /* Bug_IdentifierUITests.swift */ = {isa = PBXFileReference; lastKnownFileType = sourcecode.swift; path = Bug_IdentifierUITests.swift; sourceTree = "<group>"; };
		62878B751FB37C17007990B8 /* Info.plist */ = {isa = PBXFileReference; lastKnownFileType = text.plist.xml; path = Info.plist; sourceTree = "<group>"; };
/* End PBXFileReference section */

/* Begin PBXFrameworksBuildPhase section */
		62878B4D1FB37C16007990B8 /* Frameworks */ = {
			isa = PBXFrameworksBuildPhase;
			buildActionMask = 2147483647;
			files = (
			);
			runOnlyForDeploymentPostprocessing = 0;
		};
		62878B611FB37C17007990B8 /* Frameworks */ = {
			isa = PBXFrameworksBuildPhase;
			buildActionMask = 2147483647;
			files = (
			);
			runOnlyForDeploymentPostprocessing = 0;
		};
		62878B6C1FB37C17007990B8 /* Frameworks */ = {
			isa = PBXFrameworksBuildPhase;
			buildActionMask = 2147483647;
			files = (
			);
			runOnlyForDeploymentPostprocessing = 0;
		};
/* End PBXFrameworksBuildPhase section */

/* Begin PBXGroup section */
		62878B471FB37C16007990B8 = {
			isa = PBXGroup;
			children = (
				62878B521FB37C16007990B8 /* Bug Identifier */,
				62878B671FB37C17007990B8 /* Bug IdentifierTests */,
				62878B721FB37C17007990B8 /* Bug IdentifierUITests */,
				62878B511FB37C16007990B8 /* Products */,
			);
			sourceTree = "<group>";
		};
		62878B511FB37C16007990B8 /* Products */ = {
			isa = PBXGroup;
			children = (
				62878B501FB37C16007990B8 /* Bug Identifier.app */,
				62878B641FB37C17007990B8 /* Bug IdentifierTests.xctest */,
				62878B6F1FB37C17007990B8 /* Bug IdentifierUITests.xctest */,
			);
			name = Products;
			sourceTree = "<group>";
		};
		62878B521FB37C16007990B8 /* Bug Identifier */ = {
			isa = PBXGroup;
			children = (
				62878B531FB37C16007990B8 /* AppDelegate.swift */,
				62878B551FB37C16007990B8 /* ViewController.swift */,
				62878B571FB37C16007990B8 /* Main.storyboard */,
				62878B5A1FB37C16007990B8 /* Assets.xcassets */,
				62878B5C1FB37C16007990B8 /* LaunchScreen.storyboard */,
				62878B5F1FB37C16007990B8 /* Info.plist */,
			);
			path = "Bug Identifier";
			sourceTree = "<group>";
		};
		62878B671FB37C17007990B8 /* Bug IdentifierTests */ = {
			isa = PBXGroup;
			children = (
				62878B681FB37C17007990B8 /* Bug_IdentifierTests.swift */,
				62878B6A1FB37C17007990B8 /* Info.plist */,
			);
			path = "Bug IdentifierTests";
			sourceTree = "<group>";
		};
		62878B721FB37C17007990B8 /* Bug IdentifierUITests */ = {
			isa = PBXGroup;
			children = (
				62878B731FB37C17007990B8 /* Bug_IdentifierUITests.swift */,
				62878B751FB37C17007990B8 /* Info.plist */,
			);
			path = "Bug IdentifierUITests";
			sourceTree = "<group>";
		};
/* End PBXGroup section */

/* Begin PBXNativeTarget section */
		62878B4F1FB37C16007990B8 /* Bug Identifier */ = {
			isa = PBXNativeTarget;
			buildConfigurationList = 62878B781FB37C17007990B8 /* Build configuration list for PBXNativeTarget "Bug Identifier" */;
			buildPhases = (
				62878B4C1FB37C16007990B8 /* Sources */,
				62878B4D1FB37C16007990B8 /* Frameworks */,
				62878B4E1FB37C16007990B8 /* Resources */,
			);
			buildRules = (
			);
			dependencies = (
			);
			name = "Bug Identifier";
			productName = "Bug Identifier";
			productReference = 62878B501FB37C16007990B8 /* Bug Identifier.app */;
			productType = "com.apple.product-type.application";
		};
		62878B631FB37C17007990B8 /* Bug IdentifierTests */ = {
			isa = PBXNativeTarget;
			buildConfigurationList = 62878B7B1FB37C17007990B8 /* Build configuration list for PBXNativeTarget "Bug IdentifierTests" */;
			buildPhases = (
				62878B601FB37C17007990B8 /* Sources */,
				62878B611FB37C17007990B8 /* Frameworks */,
				62878B621FB37C17007990B8 /* Resources */,
			);
			buildRules = (
			);
			dependencies = (
				62878B661FB37C17007990B8 /* PBXTargetDependency */,
			);
			name = "Bug IdentifierTests";
			productName = "Bug IdentifierTests";
			productReference = 62878B641FB37C17007990B8 /* Bug IdentifierTests.xctest */;
			productType = "com.apple.product-type.bundle.unit-test";
		};
		62878B6E1FB37C17007990B8 /* Bug IdentifierUITests */ = {
			isa = PBXNativeTarget;
			buildConfigurationList = 62878B7E1FB37C17007990B8 /* Build configuration list for PBXNativeTarget "Bug IdentifierUITests" */;
			buildPhases = (
				62878B6B1FB37C17007990B8 /* Sources */,
				62878B6C1FB37C17007990B8 /* Frameworks */,
				62878B6D1FB37C17007990B8 /* Resources */,
			);
			buildRules = (
			);
			dependencies = (
				62878B711FB37C17007990B8 /* PBXTargetDependency */,
			);
			name = "Bug IdentifierUITests";
			productName = "Bug IdentifierUITests";
			productReference = 62878B6F1FB37C17007990B8 /* Bug IdentifierUITests.xctest */;
			productType = "com.apple.product-type.bundle.ui-testing";
		};
/* End PBXNativeTarget section */

/* Begin PBXProject section */
		62878B481FB37C16007990B8 /* Project object */ = {
			isa = PBXProject;
			attributes = {
				LastSwiftUpdateCheck = 0910;
				LastUpgradeCheck = 0910;
				ORGANIZATIONNAME = IABug;
				TargetAttributes = {
					62878B4F1FB37C16007990B8 = {
						CreatedOnToolsVersion = 9.1;
						ProvisioningStyle = Automatic;
					};
					62878B631FB37C17007990B8 = {
						CreatedOnToolsVersion = 9.1;
						ProvisioningStyle = Automatic;
						TestTargetID = 62878B4F1FB37C16007990B8;
					};
					62878B6E1FB37C17007990B8 = {
						CreatedOnToolsVersion = 9.1;
						ProvisioningStyle = Automatic;
						TestTargetID = 62878B4F1FB37C16007990B8;
					};
				};
			};
			buildConfigurationList = 62878B4B1FB37C16007990B8 /* Build configuration list for PBXProject "Bug Identifier" */;
			compatibilityVersion = "Xcode 8.0";
			developmentRegion = en;
			hasScannedForEncodings = 0;
			knownRegions = (
				en,
				Base,
			);
			mainGroup = 62878B471FB37C16007990B8;
			productRefGroup = 62878B511FB37C16007990B8 /* Products */;
			projectDirPath = "";
			projectRoot = "";
			targets = (
				62878B4F1FB37C16007990B8 /* Bug Identifier */,
				62878B631FB37C17007990B8 /* Bug IdentifierTests */,
				62878B6E1FB37C17007990B8 /* Bug IdentifierUITests */,
			);
		};
/* End PBXProject section */

/* Begin PBXResourcesBuildPhase section */
		62878B4E1FB37C16007990B8 /* Resources */ = {
			isa = PBXResourcesBuildPhase;
			buildActionMask = 2147483647;
			files = (
				62878B5E1FB37C16007990B8 /* LaunchScreen.storyboard in Resources */,
				62878B5B1FB37C16007990B8 /* Assets.xcassets in Resources */,
				62878B591FB37C16007990B8 /* Main.storyboard in Resources */,
			);
			runOnlyForDeploymentPostprocessing = 0;
		};
		62878B621FB37C17007990B8 /* Resources */ = {
			isa = PBXResourcesBuildPhase;
			buildActionMask = 2147483647;
			files = (
			);
			runOnlyForDeploymentPostprocessing = 0;
		};
		62878B6D1FB37C17007990B8 /* Resources */ = {
			isa = PBXResourcesBuildPhase;
			buildActionMask = 2147483647;
			files = (
			);
			runOnlyForDeploymentPostprocessing = 0;
		};
/* End PBXResourcesBuildPhase section */

/* Begin PBXSourcesBuildPhase section */
		62878B4C1FB37C16007990B8 /* Sources */ = {
			isa = PBXSourcesBuildPhase;
			buildActionMask = 2147483647;
			files = (
				62878B561FB37C16007990B8 /* ViewController.swift in Sources */,
				62878B541FB37C16007990B8 /* AppDelegate.swift in Sources */,
			);
			runOnlyForDeploymentPostprocessing = 0;
		};
		62878B601FB37C17007990B8 /* Sources */ = {
			isa = PBXSourcesBuildPhase;
			buildActionMask = 2147483647;
			files = (
				62878B691FB37C17007990B8 /* Bug_IdentifierTests.swift in Sources */,
			);
			runOnlyForDeploymentPostprocessing = 0;
		};
		62878B6B1FB37C17007990B8 /* Sources */ = {
			isa = PBXSourcesBuildPhase;
			buildActionMask = 2147483647;
			files = (
				62878B741FB37C17007990B8 /* Bug_IdentifierUITests.swift in Sources */,
			);
			runOnlyForDeploymentPostprocessing = 0;
		};
/* End PBXSourcesBuildPhase section */

/* Begin PBXTargetDependency section */
		62878B661FB37C17007990B8 /* PBXTargetDependency */ = {
			isa = PBXTargetDependency;
			target = 62878B4F1FB37C16007990B8 /* Bug Identifier */;
			targetProxy = 62878B651FB37C17007990B8 /* PBXContainerItemProxy */;
		};
		62878B711FB37C17007990B8 /* PBXTargetDependency */ = {
			isa = PBXTargetDependency;
			target = 62878B4F1FB37C16007990B8 /* Bug Identifier */;
			targetProxy = 62878B701FB37C17007990B8 /* PBXContainerItemProxy */;
		};
/* End PBXTargetDependency section */

/* Begin PBXVariantGroup section */
		62878B571FB37C16007990B8 /* Main.storyboard */ = {
			isa = PBXVariantGroup;
			children = (
				62878B581FB37C16007990B8 /* Base */,
			);
			name = Main.storyboard;
			sourceTree = "<group>";
		};
		62878B5C1FB37C16007990B8 /* LaunchScreen.storyboard */ = {
			isa = PBXVariantGroup;
			children = (
				62878B5D1FB37C16007990B8 /* Base */,
			);
			name = LaunchScreen.storyboard;
			sourceTree = "<group>";
		};
/* End PBXVariantGroup section */

/* Begin XCBuildConfiguration section */
		62878B761FB37C17007990B8 /* Debug */ = {
			isa = XCBuildConfiguration;
			buildSettings = {
				ALWAYS_SEARCH_USER_PATHS = NO;
				CLANG_ANALYZER_NONNULL = YES;
				CLANG_ANALYZER_NUMBER_OBJECT_CONVERSION = YES_AGGRESSIVE;
				CLANG_CXX_LANGUAGE_STANDARD = "gnu++14";
				CLANG_CXX_LIBRARY = "libc++";
				CLANG_ENABLE_MODULES = YES;
				CLANG_ENABLE_OBJC_ARC = YES;
				CLANG_WARN_BLOCK_CAPTURE_AUTORELEASING = YES;
				CLANG_WARN_BOOL_CONVERSION = YES;
				CLANG_WARN_COMMA = YES;
				CLANG_WARN_CONSTANT_CONVERSION = YES;
				CLANG_WARN_DIRECT_OBJC_ISA_USAGE = YES_ERROR;
				CLANG_WARN_DOCUMENTATION_COMMENTS = YES;
				CLANG_WARN_EMPTY_BODY = YES;
				CLANG_WARN_ENUM_CONVERSION = YES;
				CLANG_WARN_INFINITE_RECURSION = YES;
				CLANG_WARN_INT_CONVERSION = YES;
				CLANG_WARN_NON_LITERAL_NULL_CONVERSION = YES;
				CLANG_WARN_OBJC_LITERAL_CONVERSION = YES;
				CLANG_WARN_OBJC_ROOT_CLASS = YES_ERROR;
				CLANG_WARN_RANGE_LOOP_ANALYSIS = YES;
				CLANG_WARN_STRICT_PROTOTYPES = YES;
				CLANG_WARN_SUSPICIOUS_MOVE = YES;
				CLANG_WARN_UNGUARDED_AVAILABILITY = YES_AGGRESSIVE;
				CLANG_WARN_UNREACHABLE_CODE = YES;
				CLANG_WARN__DUPLICATE_METHOD_MATCH = YES;
				CODE_SIGN_IDENTITY = "iPhone Developer";
				COPY_PHASE_STRIP = NO;
				DEBUG_INFORMATION_FORMAT = dwarf;
				ENABLE_STRICT_OBJC_MSGSEND = YES;
				ENABLE_TESTABILITY = YES;
				GCC_C_LANGUAGE_STANDARD = gnu11;
				GCC_DYNAMIC_NO_PIC = NO;
				GCC_NO_COMMON_BLOCKS = YES;
				GCC_OPTIMIZATION_LEVEL = 0;
				GCC_PREPROCESSOR_DEFINITIONS = (
					"DEBUG=1",
					"$(inherited)",
				);
				GCC_WARN_64_TO_32_BIT_CONVERSION = YES;
				GCC_WARN_ABOUT_RETURN_TYPE = YES_ERROR;
				GCC_WARN_UNDECLARED_SELECTOR = YES;
				GCC_WARN_UNINITIALIZED_AUTOS = YES_AGGRESSIVE;
				GCC_WARN_UNUSED_FUNCTION = YES;
				GCC_WARN_UNUSED_VARIABLE = YES;
				IPHONEOS_DEPLOYMENT_TARGET = 11.1;
				MTL_ENABLE_DEBUG_INFO = YES;
				ONLY_ACTIVE_ARCH = YES;
				SDKROOT = iphoneos;
				SWIFT_ACTIVE_COMPILATION_CONDITIONS = DEBUG;
				SWIFT_OPTIMIZATION_LEVEL = "-Onone";
			};
			name = Debug;
		};
		62878B771FB37C17007990B8 /* Release */ = {
			isa = XCBuildConfiguration;
			buildSettings = {
				ALWAYS_SEARCH_USER_PATHS = NO;
				CLANG_ANALYZER_NONNULL = YES;
				CLANG_ANALYZER_NUMBER_OBJECT_CONVERSION = YES_AGGRESSIVE;
				CLANG_CXX_LANGUAGE_STANDARD = "gnu++14";
				CLANG_CXX_LIBRARY = "libc++";
				CLANG_ENABLE_MODULES = YES;
				CLANG_ENABLE_OBJC_ARC = YES;
				CLANG_WARN_BLOCK_CAPTURE_AUTORELEASING = YES;
				CLANG_WARN_BOOL_CONVERSION = YES;
				CLANG_WARN_COMMA = YES;
				CLANG_WARN_CONSTANT_CONVERSION = YES;
				CLANG_WARN_DIRECT_OBJC_ISA_USAGE = YES_ERROR;
				CLANG_WARN_DOCUMENTATION_COMMENTS = YES;
				CLANG_WARN_EMPTY_BODY = YES;
				CLANG_WARN_ENUM_CONVERSION = YES;
				CLANG_WARN_INFINITE_RECURSION = YES;
				CLANG_WARN_INT_CONVERSION = YES;
				CLANG_WARN_NON_LITERAL_NULL_CONVERSION = YES;
				CLANG_WARN_OBJC_LITERAL_CONVERSION = YES;
				CLANG_WARN_OBJC_ROOT_CLASS = YES_ERROR;
				CLANG_WARN_RANGE_LOOP_ANALYSIS = YES;
				CLANG_WARN_STRICT_PROTOTYPES = YES;
				CLANG_WARN_SUSPICIOUS_MOVE = YES;
				CLANG_WARN_UNGUARDED_AVAILABILITY = YES_AGGRESSIVE;
				CLANG_WARN_UNREACHABLE_CODE = YES;
				CLANG_WARN__DUPLICATE_METHOD_MATCH = YES;
				CODE_SIGN_IDENTITY = "iPhone Developer";
				COPY_PHASE_STRIP = NO;
				DEBUG_INFORMATION_FORMAT = "dwarf-with-dsym";
				ENABLE_NS_ASSERTIONS = NO;
				ENABLE_STRICT_OBJC_MSGSEND = YES;
				GCC_C_LANGUAGE_STANDARD = gnu11;
				GCC_NO_COMMON_BLOCKS = YES;
				GCC_WARN_64_TO_32_BIT_CONVERSION = YES;
				GCC_WARN_ABOUT_RETURN_TYPE = YES_ERROR;
				GCC_WARN_UNDECLARED_SELECTOR = YES;
				GCC_WARN_UNINITIALIZED_AUTOS = YES_AGGRESSIVE;
				GCC_WARN_UNUSED_FUNCTION = YES;
				GCC_WARN_UNUSED_VARIABLE = YES;
				IPHONEOS_DEPLOYMENT_TARGET = 11.1;
				MTL_ENABLE_DEBUG_INFO = NO;
				SDKROOT = iphoneos;
				SWIFT_OPTIMIZATION_LEVEL = "-Owholemodule";
				VALIDATE_PRODUCT = YES;
			};
			name = Release;
		};
		62878B791FB37C17007990B8 /* Debug */ = {
			isa = XCBuildConfiguration;
			buildSettings = {
				ASSETCATALOG_COMPILER_APPICON_NAME = AppIcon;
				CODE_SIGN_STYLE = Automatic;
				DEVELOPMENT_TEAM = NV66W638H5;
				INFOPLIST_FILE = "Bug Identifier/Info.plist";
				LD_RUNPATH_SEARCH_PATHS = "$(inherited) @executable_path/Frameworks";
				PRODUCT_BUNDLE_IDENTIFIER = "com.IABug.Bug-Identifier";
				PRODUCT_NAME = "$(TARGET_NAME)";
				SWIFT_VERSION = 4.0;
				TARGETED_DEVICE_FAMILY = "1,2";
			};
			name = Debug;
		};
		62878B7A1FB37C17007990B8 /* Release */ = {
			isa = XCBuildConfiguration;
			buildSettings = {
				ASSETCATALOG_COMPILER_APPICON_NAME = AppIcon;
				CODE_SIGN_STYLE = Automatic;
				DEVELOPMENT_TEAM = NV66W638H5;
				INFOPLIST_FILE = "Bug Identifier/Info.plist";
				LD_RUNPATH_SEARCH_PATHS = "$(inherited) @executable_path/Frameworks";
				PRODUCT_BUNDLE_IDENTIFIER = "com.IABug.Bug-Identifier";
				PRODUCT_NAME = "$(TARGET_NAME)";
				SWIFT_VERSION = 4.0;
				TARGETED_DEVICE_FAMILY = "1,2";
			};
			name = Release;
		};
		62878B7C1FB37C17007990B8 /* Debug */ = {
			isa = XCBuildConfiguration;
			buildSettings = {
				ALWAYS_EMBED_SWIFT_STANDARD_LIBRARIES = YES;
				BUNDLE_LOADER = "$(TEST_HOST)";
				CODE_SIGN_STYLE = Automatic;
				DEVELOPMENT_TEAM = NV66W638H5;
				INFOPLIST_FILE = "Bug IdentifierTests/Info.plist";
				LD_RUNPATH_SEARCH_PATHS = "$(inherited) @executable_path/Frameworks @loader_path/Frameworks";
				PRODUCT_BUNDLE_IDENTIFIER = "com.IABug.Bug-IdentifierTests";
				PRODUCT_NAME = "$(TARGET_NAME)";
				SWIFT_VERSION = 4.0;
				TARGETED_DEVICE_FAMILY = "1,2";
				TEST_HOST = "$(BUILT_PRODUCTS_DIR)/Bug Identifier.app/Bug Identifier";
			};
			name = Debug;
		};
		62878B7D1FB37C17007990B8 /* Release */ = {
			isa = XCBuildConfiguration;
			buildSettings = {
				ALWAYS_EMBED_SWIFT_STANDARD_LIBRARIES = YES;
				BUNDLE_LOADER = "$(TEST_HOST)";
				CODE_SIGN_STYLE = Automatic;
				DEVELOPMENT_TEAM = NV66W638H5;
				INFOPLIST_FILE = "Bug IdentifierTests/Info.plist";
				LD_RUNPATH_SEARCH_PATHS = "$(inherited) @executable_path/Frameworks @loader_path/Frameworks";
				PRODUCT_BUNDLE_IDENTIFIER = "com.IABug.Bug-IdentifierTests";
				PRODUCT_NAME = "$(TARGET_NAME)";
				SWIFT_VERSION = 4.0;
				TARGETED_DEVICE_FAMILY = "1,2";
				TEST_HOST = "$(BUILT_PRODUCTS_DIR)/Bug Identifier.app/Bug Identifier";
			};
			name = Release;
		};
		62878B7F1FB37C17007990B8 /* Debug */ = {
			isa = XCBuildConfiguration;
			buildSettings = {
				ALWAYS_EMBED_SWIFT_STANDARD_LIBRARIES = YES;
				CODE_SIGN_STYLE = Automatic;
				DEVELOPMENT_TEAM = NV66W638H5;
				INFOPLIST_FILE = "Bug IdentifierUITests/Info.plist";
				LD_RUNPATH_SEARCH_PATHS = "$(inherited) @executable_path/Frameworks @loader_path/Frameworks";
				PRODUCT_BUNDLE_IDENTIFIER = "com.IABug.Bug-IdentifierUITests";
				PRODUCT_NAME = "$(TARGET_NAME)";
				SWIFT_VERSION = 4.0;
				TARGETED_DEVICE_FAMILY = "1,2";
				TEST_TARGET_NAME = "Bug Identifier";
			};
			name = Debug;
		};
		62878B801FB37C17007990B8 /* Release */ = {
			isa = XCBuildConfiguration;
			buildSettings = {
				ALWAYS_EMBED_SWIFT_STANDARD_LIBRARIES = YES;
				CODE_SIGN_STYLE = Automatic;
				DEVELOPMENT_TEAM = NV66W638H5;
				INFOPLIST_FILE = "Bug IdentifierUITests/Info.plist";
				LD_RUNPATH_SEARCH_PATHS = "$(inherited) @executable_path/Frameworks @loader_path/Frameworks";
				PRODUCT_BUNDLE_IDENTIFIER = "com.IABug.Bug-IdentifierUITests";
				PRODUCT_NAME = "$(TARGET_NAME)";
				SWIFT_VERSION = 4.0;
				TARGETED_DEVICE_FAMILY = "1,2";
				TEST_TARGET_NAME = "Bug Identifier";
			};
			name = Release;
		};
/* End XCBuildConfiguration section */

/* Begin XCConfigurationList section */
		62878B4B1FB37C16007990B8 /* Build configuration list for PBXProject "Bug Identifier" */ = {
			isa = XCConfigurationList;
			buildConfigurations = (
				62878B761FB37C17007990B8 /* Debug */,
				62878B771FB37C17007990B8 /* Release */,
			);
			defaultConfigurationIsVisible = 0;
			defaultConfigurationName = Release;
		};
		62878B781FB37C17007990B8 /* Build configuration list for PBXNativeTarget "Bug Identifier" */ = {
			isa = XCConfigurationList;
			buildConfigurations = (
				62878B791FB37C17007990B8 /* Debug */,
				62878B7A1FB37C17007990B8 /* Release */,
			);
			defaultConfigurationIsVisible = 0;
			defaultConfigurationName = Release;
		};
		62878B7B1FB37C17007990B8 /* Build configuration list for PBXNativeTarget "Bug IdentifierTests" */ = {
			isa = XCConfigurationList;
			buildConfigurations = (
				62878B7C1FB37C17007990B8 /* Debug */,
				62878B7D1FB37C17007990B8 /* Release */,
			);
			defaultConfigurationIsVisible = 0;
			defaultConfigurationName = Release;
		};
		62878B7E1FB37C17007990B8 /* Build configuration list for PBXNativeTarget "Bug IdentifierUITests" */ = {
			isa = XCConfigurationList;
			buildConfigurations = (
				62878B7F1FB37C17007990B8 /* Debug */,
				62878B801FB37C17007990B8 /* Release */,
			);
			defaultConfigurationIsVisible = 0;
			defaultConfigurationName = Release;
		};
/* End XCConfigurationList section */
	};
	rootObject = 62878B481FB37C16007990B8 /* Project object */;
}
